// !$*UTF8*$!
{
	archiveVersion = 1;
	classes = {
	};
	objectVersion = 50;
	objects = {

/* Begin PBXBuildFile section */
		1508163F26B4B6E700660A82 /* _Za_HunterApp.swift in Sources */ = {isa = PBXBuildFile; fileRef = 1508163E26B4B6E700660A82 /* _Za_HunterApp.swift */; };
		1508164126B4B6E700660A82 /* ContentView.swift in Sources */ = {isa = PBXBuildFile; fileRef = 1508164026B4B6E700660A82 /* ContentView.swift */; };
		1508164326B4B6EC00660A82 /* Assets.xcassets in Resources */ = {isa = PBXBuildFile; fileRef = 1508164226B4B6EC00660A82 /* Assets.xcassets */; };
		1508164626B4B6EC00660A82 /* Preview Assets.xcassets in Resources */ = {isa = PBXBuildFile; fileRef = 1508164526B4B6EC00660A82 /* Preview Assets.xcassets */; };
		1508165126B4B6EC00660A82 /* _Za_HunterTests.swift in Sources */ = {isa = PBXBuildFile; fileRef = 1508165026B4B6EC00660A82 /* _Za_HunterTests.swift */; };
		1508165C26B4B6EC00660A82 /* _Za_HunterUITests.swift in Sources */ = {isa = PBXBuildFile; fileRef = 1508165B26B4B6EC00660A82 /* _Za_HunterUITests.swift */; };
/* End PBXBuildFile section */

/* Begin PBXContainerItemProxy section */
		1508164D26B4B6EC00660A82 /* PBXContainerItemProxy */ = {
			isa = PBXContainerItemProxy;
			containerPortal = 1508163326B4B6E700660A82 /* Project object */;
			proxyType = 1;
			remoteGlobalIDString = 1508163A26B4B6E700660A82;
			remoteInfo = "'Za Hunter";
		};
		1508165826B4B6EC00660A82 /* PBXContainerItemProxy */ = {
			isa = PBXContainerItemProxy;
			containerPortal = 1508163326B4B6E700660A82 /* Project object */;
			proxyType = 1;
			remoteGlobalIDString = 1508163A26B4B6E700660A82;
			remoteInfo = "'Za Hunter";
		};
/* End PBXContainerItemProxy section */

/* Begin PBXFileReference section */
		1508163B26B4B6E700660A82 /* 'Za Hunter.app */ = {isa = PBXFileReference; explicitFileType = wrapper.application; includeInIndex = 0; path = "'Za Hunter.app"; sourceTree = BUILT_PRODUCTS_DIR; };
		1508163E26B4B6E700660A82 /* _Za_HunterApp.swift */ = {isa = PBXFileReference; lastKnownFileType = sourcecode.swift; path = _Za_HunterApp.swift; sourceTree = "<group>"; };
		1508164026B4B6E700660A82 /* ContentView.swift */ = {isa = PBXFileReference; lastKnownFileType = sourcecode.swift; path = ContentView.swift; sourceTree = "<group>"; };
		1508164226B4B6EC00660A82 /* Assets.xcassets */ = {isa = PBXFileReference; lastKnownFileType = folder.assetcatalog; path = Assets.xcassets; sourceTree = "<group>"; };
		1508164526B4B6EC00660A82 /* Preview Assets.xcassets */ = {isa = PBXFileReference; lastKnownFileType = folder.assetcatalog; path = "Preview Assets.xcassets"; sourceTree = "<group>"; };
		1508164726B4B6EC00660A82 /* Info.plist */ = {isa = PBXFileReference; lastKnownFileType = text.plist.xml; path = Info.plist; sourceTree = "<group>"; };
		1508164C26B4B6EC00660A82 /* 'Za HunterTests.xctest */ = {isa = PBXFileReference; explicitFileType = wrapper.cfbundle; includeInIndex = 0; path = "'Za HunterTests.xctest"; sourceTree = BUILT_PRODUCTS_DIR; };
		1508165026B4B6EC00660A82 /* _Za_HunterTests.swift */ = {isa = PBXFileReference; lastKnownFileType = sourcecode.swift; path = _Za_HunterTests.swift; sourceTree = "<group>"; };
		1508165226B4B6EC00660A82 /* Info.plist */ = {isa = PBXFileReference; lastKnownFileType = text.plist.xml; path = Info.plist; sourceTree = "<group>"; };
		1508165726B4B6EC00660A82 /* 'Za HunterUITests.xctest */ = {isa = PBXFileReference; explicitFileType = wrapper.cfbundle; includeInIndex = 0; path = "'Za HunterUITests.xctest"; sourceTree = BUILT_PRODUCTS_DIR; };
		1508165B26B4B6EC00660A82 /* _Za_HunterUITests.swift */ = {isa = PBXFileReference; lastKnownFileType = sourcecode.swift; path = _Za_HunterUITests.swift; sourceTree = "<group>"; };
		1508165D26B4B6EC00660A82 /* Info.plist */ = {isa = PBXFileReference; lastKnownFileType = text.plist.xml; path = Info.plist; sourceTree = "<group>"; };
/* End PBXFileReference section */

/* Begin PBXFrameworksBuildPhase section */
		1508163826B4B6E700660A82 /* Frameworks */ = {
			isa = PBXFrameworksBuildPhase;
			buildActionMask = 2147483647;
			files = (
			);
			runOnlyForDeploymentPostprocessing = 0;
		};
		1508164926B4B6EC00660A82 /* Frameworks */ = {
			isa = PBXFrameworksBuildPhase;
			buildActionMask = 2147483647;
			files = (
			);
			runOnlyForDeploymentPostprocessing = 0;
		};
		1508165426B4B6EC00660A82 /* Frameworks */ = {
			isa = PBXFrameworksBuildPhase;
			buildActionMask = 2147483647;
			files = (
			);
			runOnlyForDeploymentPostprocessing = 0;
		};
/* End PBXFrameworksBuildPhase section */

/* Begin PBXGroup section */
		1508163226B4B6E700660A82 = {
			isa = PBXGroup;
			children = (
				1508163D26B4B6E700660A82 /* 'Za Hunter */,
				1508164F26B4B6EC00660A82 /* 'Za HunterTests */,
				1508165A26B4B6EC00660A82 /* 'Za HunterUITests */,
				1508163C26B4B6E700660A82 /* Products */,
			);
			sourceTree = "<group>";
		};
		1508163C26B4B6E700660A82 /* Products */ = {
			isa = PBXGroup;
			children = (
				1508163B26B4B6E700660A82 /* 'Za Hunter.app */,
				1508164C26B4B6EC00660A82 /* 'Za HunterTests.xctest */,
				1508165726B4B6EC00660A82 /* 'Za HunterUITests.xctest */,
			);
			name = Products;
			sourceTree = "<group>";
		};
		1508163D26B4B6E700660A82 /* 'Za Hunter */ = {
			isa = PBXGroup;
			children = (
				1508163E26B4B6E700660A82 /* _Za_HunterApp.swift */,
				1508164026B4B6E700660A82 /* ContentView.swift */,
				1508164226B4B6EC00660A82 /* Assets.xcassets */,
				1508164726B4B6EC00660A82 /* Info.plist */,
				1508164426B4B6EC00660A82 /* Preview Content */,
			);
			path = "'Za Hunter";
			sourceTree = "<group>";
		};
		1508164426B4B6EC00660A82 /* Preview Content */ = {
			isa = PBXGroup;
			children = (
				1508164526B4B6EC00660A82 /* Preview Assets.xcassets */,
			);
			path = "Preview Content";
			sourceTree = "<group>";
		};
		1508164F26B4B6EC00660A82 /* 'Za HunterTests */ = {
			isa = PBXGroup;
			children = (
				1508165026B4B6EC00660A82 /* _Za_HunterTests.swift */,
				1508165226B4B6EC00660A82 /* Info.plist */,
			);
			path = "'Za HunterTests";
			sourceTree = "<group>";
		};
		1508165A26B4B6EC00660A82 /* 'Za HunterUITests */ = {
			isa = PBXGroup;
			children = (
				1508165B26B4B6EC00660A82 /* _Za_HunterUITests.swift */,
				1508165D26B4B6EC00660A82 /* Info.plist */,
			);
			path = "'Za HunterUITests";
			sourceTree = "<group>";
		};
/* End PBXGroup section */

/* Begin PBXNativeTarget section */
		1508163A26B4B6E700660A82 /* 'Za Hunter */ = {
			isa = PBXNativeTarget;
			buildConfigurationList = 1508166026B4B6EC00660A82 /* Build configuration list for PBXNativeTarget "'Za Hunter" */;
			buildPhases = (
				1508163726B4B6E700660A82 /* Sources */,
				1508163826B4B6E700660A82 /* Frameworks */,
				1508163926B4B6E700660A82 /* Resources */,
			);
			buildRules = (
			);
			dependencies = (
			);
			name = "'Za Hunter";
			productName = "'Za Hunter";
			productReference = 1508163B26B4B6E700660A82 /* 'Za Hunter.app */;
			productType = "com.apple.product-type.application";
		};
		1508164B26B4B6EC00660A82 /* 'Za HunterTests */ = {
			isa = PBXNativeTarget;
			buildConfigurationList = 1508166326B4B6EC00660A82 /* Build configuration list for PBXNativeTarget "'Za HunterTests" */;
			buildPhases = (
				1508164826B4B6EC00660A82 /* Sources */,
				1508164926B4B6EC00660A82 /* Frameworks */,
				1508164A26B4B6EC00660A82 /* Resources */,
			);
			buildRules = (
			);
			dependencies = (
				1508164E26B4B6EC00660A82 /* PBXTargetDependency */,
			);
			name = "'Za HunterTests";
			productName = "'Za HunterTests";
			productReference = 1508164C26B4B6EC00660A82 /* 'Za HunterTests.xctest */;
			productType = "com.apple.product-type.bundle.unit-test";
		};
		1508165626B4B6EC00660A82 /* 'Za HunterUITests */ = {
			isa = PBXNativeTarget;
			buildConfigurationList = 1508166626B4B6EC00660A82 /* Build configuration list for PBXNativeTarget "'Za HunterUITests" */;
			buildPhases = (
				1508165326B4B6EC00660A82 /* Sources */,
				1508165426B4B6EC00660A82 /* Frameworks */,
				1508165526B4B6EC00660A82 /* Resources */,
			);
			buildRules = (
			);
			dependencies = (
				1508165926B4B6EC00660A82 /* PBXTargetDependency */,
			);
			name = "'Za HunterUITests";
			productName = "'Za HunterUITests";
			productReference = 1508165726B4B6EC00660A82 /* 'Za HunterUITests.xctest */;
			productType = "com.apple.product-type.bundle.ui-testing";
		};
/* End PBXNativeTarget section */

/* Begin PBXProject section */
		1508163326B4B6E700660A82 /* Project object */ = {
			isa = PBXProject;
			attributes = {
				LastSwiftUpdateCheck = 1250;
				LastUpgradeCheck = 1250;
				TargetAttributes = {
					1508163A26B4B6E700660A82 = {
						CreatedOnToolsVersion = 12.5.1;
					};
					1508164B26B4B6EC00660A82 = {
						CreatedOnToolsVersion = 12.5.1;
						TestTargetID = 1508163A26B4B6E700660A82;
					};
					1508165626B4B6EC00660A82 = {
						CreatedOnToolsVersion = 12.5.1;
						TestTargetID = 1508163A26B4B6E700660A82;
					};
				};
			};
			buildConfigurationList = 1508163626B4B6E700660A82 /* Build configuration list for PBXProject "'Za Hunter" */;
			compatibilityVersion = "Xcode 9.3";
			developmentRegion = en;
			hasScannedForEncodings = 0;
			knownRegions = (
				en,
				Base,
			);
			mainGroup = 1508163226B4B6E700660A82;
			productRefGroup = 1508163C26B4B6E700660A82 /* Products */;
			projectDirPath = "";
			projectRoot = "";
			targets = (
				1508163A26B4B6E700660A82 /* 'Za Hunter */,
				1508164B26B4B6EC00660A82 /* 'Za HunterTests */,
				1508165626B4B6EC00660A82 /* 'Za HunterUITests */,
			);
		};
/* End PBXProject section */

/* Begin PBXResourcesBuildPhase section */
		1508163926B4B6E700660A82 /* Resources */ = {
			isa = PBXResourcesBuildPhase;
			buildActionMask = 2147483647;
			files = (
				1508164626B4B6EC00660A82 /* Preview Assets.xcassets in Resources */,
				1508164326B4B6EC00660A82 /* Assets.xcassets in Resources */,
			);
			runOnlyForDeploymentPostprocessing = 0;
		};
		1508164A26B4B6EC00660A82 /* Resources */ = {
			isa = PBXResourcesBuildPhase;
			buildActionMask = 2147483647;
			files = (
			);
			runOnlyForDeploymentPostprocessing = 0;
		};
		1508165526B4B6EC00660A82 /* Resources */ = {
			isa = PBXResourcesBuildPhase;
			buildActionMask = 2147483647;
			files = (
			);
			runOnlyForDeploymentPostprocessing = 0;
		};
/* End PBXResourcesBuildPhase section */

/* Begin PBXSourcesBuildPhase section */
		1508163726B4B6E700660A82 /* Sources */ = {
			isa = PBXSourcesBuildPhase;
			buildActionMask = 2147483647;
			files = (
				1508164126B4B6E700660A82 /* ContentView.swift in Sources */,
				1508163F26B4B6E700660A82 /* _Za_HunterApp.swift in Sources */,
			);
			runOnlyForDeploymentPostprocessing = 0;
		};
		1508164826B4B6EC00660A82 /* Sources */ = {
			isa = PBXSourcesBuildPhase;
			buildActionMask = 2147483647;
			files = (
				1508165126B4B6EC00660A82 /* _Za_HunterTests.swift in Sources */,
			);
			runOnlyForDeploymentPostprocessing = 0;
		};
		1508165326B4B6EC00660A82 /* Sources */ = {
			isa = PBXSourcesBuildPhase;
			buildActionMask = 2147483647;
			files = (
				1508165C26B4B6EC00660A82 /* _Za_HunterUITests.swift in Sources */,
			);
			runOnlyForDeploymentPostprocessing = 0;
		};
/* End PBXSourcesBuildPhase section */

/* Begin PBXTargetDependency section */
		1508164E26B4B6EC00660A82 /* PBXTargetDependency */ = {
			isa = PBXTargetDependency;
			target = 1508163A26B4B6E700660A82 /* 'Za Hunter */;
			targetProxy = 1508164D26B4B6EC00660A82 /* PBXContainerItemProxy */;
		};
		1508165926B4B6EC00660A82 /* PBXTargetDependency */ = {
			isa = PBXTargetDependency;
			target = 1508163A26B4B6E700660A82 /* 'Za Hunter */;
			targetProxy = 1508165826B4B6EC00660A82 /* PBXContainerItemProxy */;
		};
/* End PBXTargetDependency section */

/* Begin XCBuildConfiguration section */
		1508165E26B4B6EC00660A82 /* Debug */ = {
			isa = XCBuildConfiguration;
			buildSettings = {
				ALWAYS_SEARCH_USER_PATHS = NO;
				CLANG_ANALYZER_NONNULL = YES;
				CLANG_ANALYZER_NUMBER_OBJECT_CONVERSION = YES_AGGRESSIVE;
				CLANG_CXX_LANGUAGE_STANDARD = "gnu++14";
				CLANG_CXX_LIBRARY = "libc++";
				CLANG_ENABLE_MODULES = YES;
				CLANG_ENABLE_OBJC_ARC = YES;
				CLANG_ENABLE_OBJC_WEAK = YES;
				CLANG_WARN_BLOCK_CAPTURE_AUTORELEASING = YES;
				CLANG_WARN_BOOL_CONVERSION = YES;
				CLANG_WARN_COMMA = YES;
				CLANG_WARN_CONSTANT_CONVERSION = YES;
				CLANG_WARN_DEPRECATED_OBJC_IMPLEMENTATIONS = YES;
				CLANG_WARN_DIRECT_OBJC_ISA_USAGE = YES_ERROR;
				CLANG_WARN_DOCUMENTATION_COMMENTS = YES;
				CLANG_WARN_EMPTY_BODY = YES;
				CLANG_WARN_ENUM_CONVERSION = YES;
				CLANG_WARN_INFINITE_RECURSION = YES;
				CLANG_WARN_INT_CONVERSION = YES;
				CLANG_WARN_NON_LITERAL_NULL_CONVERSION = YES;
				CLANG_WARN_OBJC_IMPLICIT_RETAIN_SELF = YES;
				CLANG_WARN_OBJC_LITERAL_CONVERSION = YES;
				CLANG_WARN_OBJC_ROOT_CLASS = YES_ERROR;
				CLANG_WARN_QUOTED_INCLUDE_IN_FRAMEWORK_HEADER = YES;
				CLANG_WARN_RANGE_LOOP_ANALYSIS = YES;
				CLANG_WARN_STRICT_PROTOTYPES = YES;
				CLANG_WARN_SUSPICIOUS_MOVE = YES;
				CLANG_WARN_UNGUARDED_AVAILABILITY = YES_AGGRESSIVE;
				CLANG_WARN_UNREACHABLE_CODE = YES;
				CLANG_WARN__DUPLICATE_METHOD_MATCH = YES;
				COPY_PHASE_STRIP = NO;
				DEBUG_INFORMATION_FORMAT = dwarf;
				ENABLE_STRICT_OBJC_MSGSEND = YES;
				ENABLE_TESTABILITY = YES;
				GCC_C_LANGUAGE_STANDARD = gnu11;
				GCC_DYNAMIC_NO_PIC = NO;
				GCC_NO_COMMON_BLOCKS = YES;
				GCC_OPTIMIZATION_LEVEL = 0;
				GCC_PREPROCESSOR_DEFINITIONS = (
					"DEBUG=1",
					"$(inherited)",
				);
				GCC_WARN_64_TO_32_BIT_CONVERSION = YES;
				GCC_WARN_ABOUT_RETURN_TYPE = YES_ERROR;
				GCC_WARN_UNDECLARED_SELECTOR = YES;
				GCC_WARN_UNINITIALIZED_AUTOS = YES_AGGRESSIVE;
				GCC_WARN_UNUSED_FUNCTION = YES;
				GCC_WARN_UNUSED_VARIABLE = YES;
				IPHONEOS_DEPLOYMENT_TARGET = 14.5;
				MTL_ENABLE_DEBUG_INFO = INCLUDE_SOURCE;
				MTL_FAST_MATH = YES;
				ONLY_ACTIVE_ARCH = YES;
				SDKROOT = iphoneos;
				SWIFT_ACTIVE_COMPILATION_CONDITIONS = DEBUG;
				SWIFT_OPTIMIZATION_LEVEL = "-Onone";
			};
			name = Debug;
		};
		1508165F26B4B6EC00660A82 /* Release */ = {
			isa = XCBuildConfiguration;
			buildSettings = {
				ALWAYS_SEARCH_USER_PATHS = NO;
				CLANG_ANALYZER_NONNULL = YES;
				CLANG_ANALYZER_NUMBER_OBJECT_CONVERSION = YES_AGGRESSIVE;
				CLANG_CXX_LANGUAGE_STANDARD = "gnu++14";
				CLANG_CXX_LIBRARY = "libc++";
				CLANG_ENABLE_MODULES = YES;
				CLANG_ENABLE_OBJC_ARC = YES;
				CLANG_ENABLE_OBJC_WEAK = YES;
				CLANG_WARN_BLOCK_CAPTURE_AUTORELEASING = YES;
				CLANG_WARN_BOOL_CONVERSION = YES;
				CLANG_WARN_COMMA = YES;
				CLANG_WARN_CONSTANT_CONVERSION = YES;
				CLANG_WARN_DEPRECATED_OBJC_IMPLEMENTATIONS = YES;
				CLANG_WARN_DIRECT_OBJC_ISA_USAGE = YES_ERROR;
				CLANG_WARN_DOCUMENTATION_COMMENTS = YES;
				CLANG_WARN_EMPTY_BODY = YES;
				CLANG_WARN_ENUM_CONVERSION = YES;
				CLANG_WARN_INFINITE_RECURSION = YES;
				CLANG_WARN_INT_CONVERSION = YES;
				CLANG_WARN_NON_LITERAL_NULL_CONVERSION = YES;
				CLANG_WARN_OBJC_IMPLICIT_RETAIN_SELF = YES;
				CLANG_WARN_OBJC_LITERAL_CONVERSION = YES;
				CLANG_WARN_OBJC_ROOT_CLASS = YES_ERROR;
				CLANG_WARN_QUOTED_INCLUDE_IN_FRAMEWORK_HEADER = YES;
				CLANG_WARN_RANGE_LOOP_ANALYSIS = YES;
				CLANG_WARN_STRICT_PROTOTYPES = YES;
				CLANG_WARN_SUSPICIOUS_MOVE = YES;
				CLANG_WARN_UNGUARDED_AVAILABILITY = YES_AGGRESSIVE;
				CLANG_WARN_UNREACHABLE_CODE = YES;
				CLANG_WARN__DUPLICATE_METHOD_MATCH = YES;
				COPY_PHASE_STRIP = NO;
				DEBUG_INFORMATION_FORMAT = "dwarf-with-dsym";
				ENABLE_NS_ASSERTIONS = NO;
				ENABLE_STRICT_OBJC_MSGSEND = YES;
				GCC_C_LANGUAGE_STANDARD = gnu11;
				GCC_NO_COMMON_BLOCKS = YES;
				GCC_WARN_64_TO_32_BIT_CONVERSION = YES;
				GCC_WARN_ABOUT_RETURN_TYPE = YES_ERROR;
				GCC_WARN_UNDECLARED_SELECTOR = YES;
				GCC_WARN_UNINITIALIZED_AUTOS = YES_AGGRESSIVE;
				GCC_WARN_UNUSED_FUNCTION = YES;
				GCC_WARN_UNUSED_VARIABLE = YES;
				IPHONEOS_DEPLOYMENT_TARGET = 14.5;
				MTL_ENABLE_DEBUG_INFO = NO;
				MTL_FAST_MATH = YES;
				SDKROOT = iphoneos;
				SWIFT_COMPILATION_MODE = wholemodule;
				SWIFT_OPTIMIZATION_LEVEL = "-O";
				VALIDATE_PRODUCT = YES;
			};
			name = Release;
		};
		1508166126B4B6EC00660A82 /* Debug */ = {
			isa = XCBuildConfiguration;
			buildSettings = {
				ASSETCATALOG_COMPILER_APPICON_NAME = AppIcon;
				ASSETCATALOG_COMPILER_GLOBAL_ACCENT_COLOR_NAME = AccentColor;
				CODE_SIGN_STYLE = Automatic;
				DEVELOPMENT_ASSET_PATHS = "\"'Za Hunter/Preview Content\"";
				DEVELOPMENT_TEAM = ZCJ9SPKDKH;
				ENABLE_PREVIEWS = YES;
				INFOPLIST_FILE = "'Za Hunter/Info.plist";
				IPHONEOS_DEPLOYMENT_TARGET = 14.0;
				LD_RUNPATH_SEARCH_PATHS = (
					"$(inherited)",
					"@executable_path/Frameworks",
				);
				PRODUCT_BUNDLE_IDENTIFIER = "Amelia-Tan.-Za-Hunter";
				PRODUCT_NAME = "$(TARGET_NAME)";
				SWIFT_VERSION = 5.0;
				TARGETED_DEVICE_FAMILY = "1,2";
			};
			name = Debug;
		};
		1508166226B4B6EC00660A82 /* Release */ = {
			isa = XCBuildConfiguration;
			buildSettings = {
				ASSETCATALOG_COMPILER_APPICON_NAME = AppIcon;
				ASSETCATALOG_COMPILER_GLOBAL_ACCENT_COLOR_NAME = AccentColor;
				CODE_SIGN_STYLE = Automatic;
				DEVELOPMENT_ASSET_PATHS = "\"'Za Hunter/Preview Content\"";
				DEVELOPMENT_TEAM = ZCJ9SPKDKH;
				ENABLE_PREVIEWS = YES;
				INFOPLIST_FILE = "'Za Hunter/Info.plist";
				IPHONEOS_DEPLOYMENT_TARGET = 14.0;
				LD_RUNPATH_SEARCH_PATHS = (
					"$(inherited)",
					"@executable_path/Frameworks",
				);
				PRODUCT_BUNDLE_IDENTIFIER = "Amelia-Tan.-Za-Hunter";
				PRODUCT_NAME = "$(TARGET_NAME)";
				SWIFT_VERSION = 5.0;
				TARGETED_DEVICE_FAMILY = "1,2";
			};
			name = Release;
		};
		1508166426B4B6EC00660A82 /* Debug */ = {
			isa = XCBuildConfiguration;
			buildSettings = {
				ALWAYS_EMBED_SWIFT_STANDARD_LIBRARIES = YES;
				BUNDLE_LOADER = "$(TEST_HOST)";
				CODE_SIGN_STYLE = Automatic;
				DEVELOPMENT_TEAM = ZCJ9SPKDKH;
				INFOPLIST_FILE = "'Za HunterTests/Info.plist";
				IPHONEOS_DEPLOYMENT_TARGET = 14.0;
				LD_RUNPATH_SEARCH_PATHS = (
					"$(inherited)",
					"@executable_path/Frameworks",
					"@loader_path/Frameworks",
				);
				PRODUCT_BUNDLE_IDENTIFIER = "Amelia-Tan.-Za-HunterTests";
				PRODUCT_NAME = "$(TARGET_NAME)";
				SWIFT_VERSION = 5.0;
				TARGETED_DEVICE_FAMILY = "1,2";
				TEST_HOST = "$(BUILT_PRODUCTS_DIR)/'Za Hunter.app/'Za Hunter";
			};
			name = Debug;
		};
		1508166526B4B6EC00660A82 /* Release */ = {
			isa = XCBuildConfiguration;
			buildSettings = {
				ALWAYS_EMBED_SWIFT_STANDARD_LIBRARIES = YES;
				BUNDLE_LOADER = "$(TEST_HOST)";
				CODE_SIGN_STYLE = Automatic;
				DEVELOPMENT_TEAM = ZCJ9SPKDKH;
				INFOPLIST_FILE = "'Za HunterTests/Info.plist";
				IPHONEOS_DEPLOYMENT_TARGET = 14.0;
				LD_RUNPATH_SEARCH_PATHS = (
					"$(inherited)",
					"@executable_path/Frameworks",
					"@loader_path/Frameworks",
				);
				PRODUCT_BUNDLE_IDENTIFIER = "Amelia-Tan.-Za-HunterTests";
				PRODUCT_NAME = "$(TARGET_NAME)";
				SWIFT_VERSION = 5.0;
				TARGETED_DEVICE_FAMILY = "1,2";
				TEST_HOST = "$(BUILT_PRODUCTS_DIR)/'Za Hunter.app/'Za Hunter";
			};
			name = Release;
		};
		1508166726B4B6EC00660A82 /* Debug */ = {
			isa = XCBuildConfiguration;
			buildSettings = {
				ALWAYS_EMBED_SWIFT_STANDARD_LIBRARIES = YES;
				CODE_SIGN_STYLE = Automatic;
				DEVELOPMENT_TEAM = ZCJ9SPKDKH;
				INFOPLIST_FILE = "'Za HunterUITests/Info.plist";
				LD_RUNPATH_SEARCH_PATHS = (
					"$(inherited)",
					"@executable_path/Frameworks",
					"@loader_path/Frameworks",
				);
				PRODUCT_BUNDLE_IDENTIFIER = "Amelia-Tan.-Za-HunterUITests";
				PRODUCT_NAME = "$(TARGET_NAME)";
				SWIFT_VERSION = 5.0;
				TARGETED_DEVICE_FAMILY = "1,2";
				TEST_TARGET_NAME = "'Za Hunter";
			};
			name = Debug;
		};
		1508166826B4B6EC00660A82 /* Release */ = {
			isa = XCBuildConfiguration;
			buildSettings = {
				ALWAYS_EMBED_SWIFT_STANDARD_LIBRARIES = YES;
				CODE_SIGN_STYLE = Automatic;
				DEVELOPMENT_TEAM = ZCJ9SPKDKH;
				INFOPLIST_FILE = "'Za HunterUITests/Info.plist";
				LD_RUNPATH_SEARCH_PATHS = (
					"$(inherited)",
					"@executable_path/Frameworks",
					"@loader_path/Frameworks",
				);
				PRODUCT_BUNDLE_IDENTIFIER = "Amelia-Tan.-Za-HunterUITests";
				PRODUCT_NAME = "$(TARGET_NAME)";
				SWIFT_VERSION = 5.0;
				TARGETED_DEVICE_FAMILY = "1,2";
				TEST_TARGET_NAME = "'Za Hunter";
			};
			name = Release;
		};
/* End XCBuildConfiguration section */

/* Begin XCConfigurationList section */
		1508163626B4B6E700660A82 /* Build configuration list for PBXProject "'Za Hunter" */ = {
			isa = XCConfigurationList;
			buildConfigurations = (
				1508165E26B4B6EC00660A82 /* Debug */,
				1508165F26B4B6EC00660A82 /* Release */,
			);
			defaultConfigurationIsVisible = 0;
			defaultConfigurationName = Release;
		};
		1508166026B4B6EC00660A82 /* Build configuration list for PBXNativeTarget "'Za Hunter" */ = {
			isa = XCConfigurationList;
			buildConfigurations = (
				1508166126B4B6EC00660A82 /* Debug */,
				1508166226B4B6EC00660A82 /* Release */,
			);
			defaultConfigurationIsVisible = 0;
			defaultConfigurationName = Release;
		};
		1508166326B4B6EC00660A82 /* Build configuration list for PBXNativeTarget "'Za HunterTests" */ = {
			isa = XCConfigurationList;
			buildConfigurations = (
				1508166426B4B6EC00660A82 /* Debug */,
				1508166526B4B6EC00660A82 /* Release */,
			);
			defaultConfigurationIsVisible = 0;
			defaultConfigurationName = Release;
		};
		1508166626B4B6EC00660A82 /* Build configuration list for PBXNativeTarget "'Za HunterUITests" */ = {
			isa = XCConfigurationList;
			buildConfigurations = (
				1508166726B4B6EC00660A82 /* Debug */,
				1508166826B4B6EC00660A82 /* Release */,
			);
			defaultConfigurationIsVisible = 0;
			defaultConfigurationName = Release;
		};
/* End XCConfigurationList section */
	};
	rootObject = 1508163326B4B6E700660A82 /* Project object */;
}
